// !$*UTF8*$!
{
	archiveVersion = 1;
	classes = {
	};
	objectVersion = 55;
	objects = {

/* Begin PBXBuildFile section */
		CF699FF12780089400351940 /* Tech_NewsApp.swift in Sources */ = {isa = PBXBuildFile; fileRef = CF699FF02780089400351940 /* Tech_NewsApp.swift */; };
		CF699FF32780089400351940 /* ContentView.swift in Sources */ = {isa = PBXBuildFile; fileRef = CF699FF22780089400351940 /* ContentView.swift */; };
		CF699FF52780089500351940 /* Assets.xcassets in Resources */ = {isa = PBXBuildFile; fileRef = CF699FF42780089500351940 /* Assets.xcassets */; };
		CF699FF82780089500351940 /* Preview Assets.xcassets in Resources */ = {isa = PBXBuildFile; fileRef = CF699FF72780089500351940 /* Preview Assets.xcassets */; };
		CF69A00427800B7C00351940 /* Post.swift in Sources */ = {isa = PBXBuildFile; fileRef = CF69A00327800B7C00351940 /* Post.swift */; };
		CF69A0062780124500351940 /* NetworkManager.swift in Sources */ = {isa = PBXBuildFile; fileRef = CF69A0052780124500351940 /* NetworkManager.swift */; };
		CF69A008278014D000351940 /* PostData.swift in Sources */ = {isa = PBXBuildFile; fileRef = CF69A007278014D000351940 /* PostData.swift */; };
		CF69A00A278020E100351940 /* DetailView.swift in Sources */ = {isa = PBXBuildFile; fileRef = CF69A009278020E100351940 /* DetailView.swift */; };
		CF69A00C2780DFE400351940 /* WebView.swift in Sources */ = {isa = PBXBuildFile; fileRef = CF69A00B2780DFE400351940 /* WebView.swift */; };
/* End PBXBuildFile section */

/* Begin PBXFileReference section */
		CF699FED2780089400351940 /* Tech News.app */ = {isa = PBXFileReference; explicitFileType = wrapper.application; includeInIndex = 0; path = "Tech News.app"; sourceTree = BUILT_PRODUCTS_DIR; };
		CF699FF02780089400351940 /* Tech_NewsApp.swift */ = {isa = PBXFileReference; lastKnownFileType = sourcecode.swift; path = Tech_NewsApp.swift; sourceTree = "<group>"; };
		CF699FF22780089400351940 /* ContentView.swift */ = {isa = PBXFileReference; lastKnownFileType = sourcecode.swift; path = ContentView.swift; sourceTree = "<group>"; };
		CF699FF42780089500351940 /* Assets.xcassets */ = {isa = PBXFileReference; lastKnownFileType = folder.assetcatalog; path = Assets.xcassets; sourceTree = "<group>"; };
		CF699FF72780089500351940 /* Preview Assets.xcassets */ = {isa = PBXFileReference; lastKnownFileType = folder.assetcatalog; path = "Preview Assets.xcassets"; sourceTree = "<group>"; };
		CF69A00327800B7C00351940 /* Post.swift */ = {isa = PBXFileReference; lastKnownFileType = sourcecode.swift; path = Post.swift; sourceTree = "<group>"; };
		CF69A0052780124500351940 /* NetworkManager.swift */ = {isa = PBXFileReference; lastKnownFileType = sourcecode.swift; path = NetworkManager.swift; sourceTree = "<group>"; };
		CF69A007278014D000351940 /* PostData.swift */ = {isa = PBXFileReference; lastKnownFileType = sourcecode.swift; path = PostData.swift; sourceTree = "<group>"; };
		CF69A009278020E100351940 /* DetailView.swift */ = {isa = PBXFileReference; lastKnownFileType = sourcecode.swift; path = DetailView.swift; sourceTree = "<group>"; };
		CF69A00B2780DFE400351940 /* WebView.swift */ = {isa = PBXFileReference; lastKnownFileType = sourcecode.swift; path = WebView.swift; sourceTree = "<group>"; };
/* End PBXFileReference section */

/* Begin PBXFrameworksBuildPhase section */
		CF699FEA2780089300351940 /* Frameworks */ = {
			isa = PBXFrameworksBuildPhase;
			buildActionMask = 2147483647;
			files = (
			);
			runOnlyForDeploymentPostprocessing = 0;
		};
/* End PBXFrameworksBuildPhase section */

/* Begin PBXGroup section */
		CF699FE42780089300351940 = {
			isa = PBXGroup;
			children = (
				CF699FEF2780089400351940 /* Tech News */,
				CF699FEE2780089400351940 /* Products */,
			);
			sourceTree = "<group>";
		};
		CF699FEE2780089400351940 /* Products */ = {
			isa = PBXGroup;
			children = (
				CF699FED2780089400351940 /* Tech News.app */,
			);
			name = Products;
			sourceTree = "<group>";
		};
		CF699FEF2780089400351940 /* Tech News */ = {
			isa = PBXGroup;
			children = (
				CF69A00227800AE400351940 /* Assests-LaucnScreen */,
				CF69A00127800AD100351940 /* Resources */,
				CF69A00027800AAF00351940 /* Controller */,
				CF699FFF27800AA600351940 /* View */,
				CF699FFE27800A9D00351940 /* Models */,
				CF699FF62780089500351940 /* Preview Content */,
			);
			path = "Tech News";
			sourceTree = "<group>";
		};
		CF699FF62780089500351940 /* Preview Content */ = {
			isa = PBXGroup;
			children = (
				CF699FF72780089500351940 /* Preview Assets.xcassets */,
			);
			path = "Preview Content";
			sourceTree = "<group>";
		};
		CF699FFE27800A9D00351940 /* Models */ = {
			isa = PBXGroup;
			children = (
				CF69A00327800B7C00351940 /* Post.swift */,
				CF69A007278014D000351940 /* PostData.swift */,
				CF69A00B2780DFE400351940 /* WebView.swift */,
			);
			path = Models;
			sourceTree = "<group>";
		};
		CF699FFF27800AA600351940 /* View */ = {
			isa = PBXGroup;
			children = (
				CF699FF22780089400351940 /* ContentView.swift */,
				CF69A009278020E100351940 /* DetailView.swift */,
			);
			path = View;
			sourceTree = "<group>";
		};
		CF69A00027800AAF00351940 /* Controller */ = {
			isa = PBXGroup;
			children = (
				CF69A0052780124500351940 /* NetworkManager.swift */,
			);
			path = Controller;
			sourceTree = "<group>";
		};
		CF69A00127800AD100351940 /* Resources */ = {
			isa = PBXGroup;
			children = (
				CF699FF02780089400351940 /* Tech_NewsApp.swift */,
			);
			path = Resources;
			sourceTree = "<group>";
		};
		CF69A00227800AE400351940 /* Assests-LaucnScreen */ = {
			isa = PBXGroup;
			children = (
				CF699FF42780089500351940 /* Assets.xcassets */,
			);
			path = "Assests-LaucnScreen";
			sourceTree = "<group>";
		};
/* End PBXGroup section */

/* Begin PBXNativeTarget section */
		CF699FEC2780089300351940 /* Tech News */ = {
			isa = PBXNativeTarget;
			buildConfigurationList = CF699FFB2780089500351940 /* Build configuration list for PBXNativeTarget "Tech News" */;
			buildPhases = (
				CF699FE92780089300351940 /* Sources */,
				CF699FEA2780089300351940 /* Frameworks */,
				CF699FEB2780089300351940 /* Resources */,
			);
			buildRules = (
			);
			dependencies = (
			);
			name = "Tech News";
			productName = "Tech News";
			productReference = CF699FED2780089400351940 /* Tech News.app */;
			productType = "com.apple.product-type.application";
		};
/* End PBXNativeTarget section */

/* Begin PBXProject section */
		CF699FE52780089300351940 /* Project object */ = {
			isa = PBXProject;
			attributes = {
				BuildIndependentTargetsInParallel = 1;
				LastSwiftUpdateCheck = 1310;
				LastUpgradeCheck = 1310;
				TargetAttributes = {
					CF699FEC2780089300351940 = {
						CreatedOnToolsVersion = 13.1;
					};
				};
			};
			buildConfigurationList = CF699FE82780089300351940 /* Build configuration list for PBXProject "Tech News" */;
			compatibilityVersion = "Xcode 13.0";
			developmentRegion = en;
			hasScannedForEncodings = 0;
			knownRegions = (
				en,
				Base,
			);
			mainGroup = CF699FE42780089300351940;
			productRefGroup = CF699FEE2780089400351940 /* Products */;
			projectDirPath = "";
			projectRoot = "";
			targets = (
				CF699FEC2780089300351940 /* Tech News */,
			);
		};
/* End PBXProject section */

/* Begin PBXResourcesBuildPhase section */
		CF699FEB2780089300351940 /* Resources */ = {
			isa = PBXResourcesBuildPhase;
			buildActionMask = 2147483647;
			files = (
				CF699FF82780089500351940 /* Preview Assets.xcassets in Resources */,
				CF699FF52780089500351940 /* Assets.xcassets in Resources */,
			);
			runOnlyForDeploymentPostprocessing = 0;
		};
/* End PBXResourcesBuildPhase section */

/* Begin PBXSourcesBuildPhase section */
		CF699FE92780089300351940 /* Sources */ = {
			isa = PBXSourcesBuildPhase;
			buildActionMask = 2147483647;
			files = (
				CF69A008278014D000351940 /* PostData.swift in Sources */,
				CF69A00A278020E100351940 /* DetailView.swift in Sources */,
				CF69A0062780124500351940 /* NetworkManager.swift in Sources */,
				CF69A00427800B7C00351940 /* Post.swift in Sources */,
				CF699FF32780089400351940 /* ContentView.swift in Sources */,
				CF699FF12780089400351940 /* Tech_NewsApp.swift in Sources */,
				CF69A00C2780DFE400351940 /* WebView.swift in Sources */,
			);
			runOnlyForDeploymentPostprocessing = 0;
		};
/* End PBXSourcesBuildPhase section */

/* Begin XCBuildConfiguration section */
		CF699FF92780089500351940 /* Debug */ = {
			isa = XCBuildConfiguration;
			buildSettings = {
				ALWAYS_SEARCH_USER_PATHS = NO;
				CLANG_ANALYZER_NONNULL = YES;
				CLANG_ANALYZER_NUMBER_OBJECT_CONVERSION = YES_AGGRESSIVE;
				CLANG_CXX_LANGUAGE_STANDARD = "gnu++17";
				CLANG_CXX_LIBRARY = "libc++";
				CLANG_ENABLE_MODULES = YES;
				CLANG_ENABLE_OBJC_ARC = YES;
				CLANG_ENABLE_OBJC_WEAK = YES;
				CLANG_WARN_BLOCK_CAPTURE_AUTORELEASING = YES;
				CLANG_WARN_BOOL_CONVERSION = YES;
				CLANG_WARN_COMMA = YES;
				CLANG_WARN_CONSTANT_CONVERSION = YES;
				CLANG_WARN_DEPRECATED_OBJC_IMPLEMENTATIONS = YES;
				CLANG_WARN_DIRECT_OBJC_ISA_USAGE = YES_ERROR;
				CLANG_WARN_DOCUMENTATION_COMMENTS = YES;
				CLANG_WARN_EMPTY_BODY = YES;
				CLANG_WARN_ENUM_CONVERSION = YES;
				CLANG_WARN_INFINITE_RECURSION = YES;
				CLANG_WARN_INT_CONVERSION = YES;
				CLANG_WARN_NON_LITERAL_NULL_CONVERSION = YES;
				CLANG_WARN_OBJC_IMPLICIT_RETAIN_SELF = YES;
				CLANG_WARN_OBJC_LITERAL_CONVERSION = YES;
				CLANG_WARN_OBJC_ROOT_CLASS = YES_ERROR;
				CLANG_WARN_QUOTED_INCLUDE_IN_FRAMEWORK_HEADER = YES;
				CLANG_WARN_RANGE_LOOP_ANALYSIS = YES;
				CLANG_WARN_STRICT_PROTOTYPES = YES;
				CLANG_WARN_SUSPICIOUS_MOVE = YES;
				CLANG_WARN_UNGUARDED_AVAILABILITY = YES_AGGRESSIVE;
				CLANG_WARN_UNREACHABLE_CODE = YES;
				CLANG_WARN__DUPLICATE_METHOD_MATCH = YES;
				COPY_PHASE_STRIP = NO;
				DEBUG_INFORMATION_FORMAT = dwarf;
				ENABLE_STRICT_OBJC_MSGSEND = YES;
				ENABLE_TESTABILITY = YES;
				GCC_C_LANGUAGE_STANDARD = gnu11;
				GCC_DYNAMIC_NO_PIC = NO;
				GCC_NO_COMMON_BLOCKS = YES;
				GCC_OPTIMIZATION_LEVEL = 0;
				GCC_PREPROCESSOR_DEFINITIONS = (
					"DEBUG=1",
					"$(inherited)",
				);
				GCC_WARN_64_TO_32_BIT_CONVERSION = YES;
				GCC_WARN_ABOUT_RETURN_TYPE = YES_ERROR;
				GCC_WARN_UNDECLARED_SELECTOR = YES;
				GCC_WARN_UNINITIALIZED_AUTOS = YES_AGGRESSIVE;
				GCC_WARN_UNUSED_FUNCTION = YES;
				GCC_WARN_UNUSED_VARIABLE = YES;
				IPHONEOS_DEPLOYMENT_TARGET = 15.0;
				MTL_ENABLE_DEBUG_INFO = INCLUDE_SOURCE;
				MTL_FAST_MATH = YES;
				ONLY_ACTIVE_ARCH = YES;
				SDKROOT = iphoneos;
				SWIFT_ACTIVE_COMPILATION_CONDITIONS = DEBUG;
				SWIFT_OPTIMIZATION_LEVEL = "-Onone";
			};
			name = Debug;
		};
		CF699FFA2780089500351940 /* Release */ = {
			isa = XCBuildConfiguration;
			buildSettings = {
				ALWAYS_SEARCH_USER_PATHS = NO;
				CLANG_ANALYZER_NONNULL = YES;
				CLANG_ANALYZER_NUMBER_OBJECT_CONVERSION = YES_AGGRESSIVE;
				CLANG_CXX_LANGUAGE_STANDARD = "gnu++17";
				CLANG_CXX_LIBRARY = "libc++";
				CLANG_ENABLE_MODULES = YES;
				CLANG_ENABLE_OBJC_ARC = YES;
				CLANG_ENABLE_OBJC_WEAK = YES;
				CLANG_WARN_BLOCK_CAPTURE_AUTORELEASING = YES;
				CLANG_WARN_BOOL_CONVERSION = YES;
				CLANG_WARN_COMMA = YES;
				CLANG_WARN_CONSTANT_CONVERSION = YES;
				CLANG_WARN_DEPRECATED_OBJC_IMPLEMENTATIONS = YES;
				CLANG_WARN_DIRECT_OBJC_ISA_USAGE = YES_ERROR;
				CLANG_WARN_DOCUMENTATION_COMMENTS = YES;
				CLANG_WARN_EMPTY_BODY = YES;
				CLANG_WARN_ENUM_CONVERSION = YES;
				CLANG_WARN_INFINITE_RECURSION = YES;
				CLANG_WARN_INT_CONVERSION = YES;
				CLANG_WARN_NON_LITERAL_NULL_CONVERSION = YES;
				CLANG_WARN_OBJC_IMPLICIT_RETAIN_SELF = YES;
				CLANG_WARN_OBJC_LITERAL_CONVERSION = YES;
				CLANG_WARN_OBJC_ROOT_CLASS = YES_ERROR;
				CLANG_WARN_QUOTED_INCLUDE_IN_FRAMEWORK_HEADER = YES;
				CLANG_WARN_RANGE_LOOP_ANALYSIS = YES;
				CLANG_WARN_STRICT_PROTOTYPES = YES;
				CLANG_WARN_SUSPICIOUS_MOVE = YES;
				CLANG_WARN_UNGUARDED_AVAILABILITY = YES_AGGRESSIVE;
				CLANG_WARN_UNREACHABLE_CODE = YES;
				CLANG_WARN__DUPLICATE_METHOD_MATCH = YES;
				COPY_PHASE_STRIP = NO;
				DEBUG_INFORMATION_FORMAT = "dwarf-with-dsym";
				ENABLE_NS_ASSERTIONS = NO;
				ENABLE_STRICT_OBJC_MSGSEND = YES;
				GCC_C_LANGUAGE_STANDARD = gnu11;
				GCC_NO_COMMON_BLOCKS = YES;
				GCC_WARN_64_TO_32_BIT_CONVERSION = YES;
				GCC_WARN_ABOUT_RETURN_TYPE = YES_ERROR;
				GCC_WARN_UNDECLARED_SELECTOR = YES;
				GCC_WARN_UNINITIALIZED_AUTOS = YES_AGGRESSIVE;
				GCC_WARN_UNUSED_FUNCTION = YES;
				GCC_WARN_UNUSED_VARIABLE = YES;
				IPHONEOS_DEPLOYMENT_TARGET = 15.0;
				MTL_ENABLE_DEBUG_INFO = NO;
				MTL_FAST_MATH = YES;
				SDKROOT = iphoneos;
				SWIFT_COMPILATION_MODE = wholemodule;
				SWIFT_OPTIMIZATION_LEVEL = "-O";
				VALIDATE_PRODUCT = YES;
			};
			name = Release;
		};
		CF699FFC2780089500351940 /* Debug */ = {
			isa = XCBuildConfiguration;
			buildSettings = {
				ASSETCATALOG_COMPILER_APPICON_NAME = AppIcon;
				ASSETCATALOG_COMPILER_GLOBAL_ACCENT_COLOR_NAME = AccentColor;
				CODE_SIGN_STYLE = Automatic;
				CURRENT_PROJECT_VERSION = 1;
				DEVELOPMENT_ASSET_PATHS = "\"Tech News/Preview Content\"";
				DEVELOPMENT_TEAM = FSCG833XRF;
				ENABLE_PREVIEWS = YES;
				GENERATE_INFOPLIST_FILE = YES;
				INFOPLIST_KEY_UIApplicationSceneManifest_Generation = YES;
				INFOPLIST_KEY_UIApplicationSupportsIndirectInputEvents = YES;
				INFOPLIST_KEY_UILaunchScreen_Generation = YES;
				INFOPLIST_KEY_UISupportedInterfaceOrientations_iPad = "UIInterfaceOrientationPortrait UIInterfaceOrientationPortraitUpsideDown UIInterfaceOrientationLandscapeLeft UIInterfaceOrientationLandscapeRight";
				INFOPLIST_KEY_UISupportedInterfaceOrientations_iPhone = "UIInterfaceOrientationPortrait UIInterfaceOrientationLandscapeLeft UIInterfaceOrientationLandscapeRight";
				LD_RUNPATH_SEARCH_PATHS = (
					"$(inherited)",
					"@executable_path/Frameworks",
				);
				MARKETING_VERSION = 1.0;
				PRODUCT_BUNDLE_IDENTIFIER = "com.matthewsavidge.Tech-News";
				PRODUCT_NAME = "$(TARGET_NAME)";
				SWIFT_EMIT_LOC_STRINGS = YES;
				SWIFT_VERSION = 5.0;
				TARGETED_DEVICE_FAMILY = "1,2";
			};
			name = Debug;
		};
		CF699FFD2780089500351940 /* Release */ = {
			isa = XCBuildConfiguration;
			buildSettings = {
				ASSETCATALOG_COMPILER_APPICON_NAME = AppIcon;
				ASSETCATALOG_COMPILER_GLOBAL_ACCENT_COLOR_NAME = AccentColor;
				CODE_SIGN_STYLE = Automatic;
				CURRENT_PROJECT_VERSION = 1;
				DEVELOPMENT_ASSET_PATHS = "\"Tech News/Preview Content\"";
				DEVELOPMENT_TEAM = FSCG833XRF;
				ENABLE_PREVIEWS = YES;
				GENERATE_INFOPLIST_FILE = YES;
				INFOPLIST_KEY_UIApplicationSceneManifest_Generation = YES;
				INFOPLIST_KEY_UIApplicationSupportsIndirectInputEvents = YES;
				INFOPLIST_KEY_UILaunchScreen_Generation = YES;
				INFOPLIST_KEY_UISupportedInterfaceOrientations_iPad = "UIInterfaceOrientationPortrait UIInterfaceOrientationPortraitUpsideDown UIInterfaceOrientationLandscapeLeft UIInterfaceOrientationLandscapeRight";
				INFOPLIST_KEY_UISupportedInterfaceOrientations_iPhone = "UIInterfaceOrientationPortrait UIInterfaceOrientationLandscapeLeft UIInterfaceOrientationLandscapeRight";
				LD_RUNPATH_SEARCH_PATHS = (
					"$(inherited)",
					"@executable_path/Frameworks",
				);
				MARKETING_VERSION = 1.0;
				PRODUCT_BUNDLE_IDENTIFIER = "com.matthewsavidge.Tech-News";
				PRODUCT_NAME = "$(TARGET_NAME)";
				SWIFT_EMIT_LOC_STRINGS = YES;
				SWIFT_VERSION = 5.0;
				TARGETED_DEVICE_FAMILY = "1,2";
			};
			name = Release;
		};
/* End XCBuildConfiguration section */

/* Begin XCConfigurationList section */
		CF699FE82780089300351940 /* Build configuration list for PBXProject "Tech News" */ = {
			isa = XCConfigurationList;
			buildConfigurations = (
				CF699FF92780089500351940 /* Debug */,
				CF699FFA2780089500351940 /* Release */,
			);
			defaultConfigurationIsVisible = 0;
			defaultConfigurationName = Release;
		};
		CF699FFB2780089500351940 /* Build configuration list for PBXNativeTarget "Tech News" */ = {
			isa = XCConfigurationList;
			buildConfigurations = (
				CF699FFC2780089500351940 /* Debug */,
				CF699FFD2780089500351940 /* Release */,
			);
			defaultConfigurationIsVisible = 0;
			defaultConfigurationName = Release;
		};
/* End XCConfigurationList section */
	};
	rootObject = CF699FE52780089300351940 /* Project object */;
}
